
Microsoft Visual Studio Solution File, Format Version 12.00
# Visual Studio Version 16
VisualStudioVersion = 16.0.31025.194
MinimumVisualStudioVersion = 10.0.40219.1
Project("{2150E333-8FDC-42A3-9474-1A3956D46DE8}") = "Applications", "Applications", "{29B4D3F6-C702-4152-B32F-13BA7CEA60A9}"
EndProject
Project("{2150E333-8FDC-42A3-9474-1A3956D46DE8}") = "Core", "Core", "{F1D13BC4-7BB0-4F3E-8D2C-F4E570AD03DF}"
EndProject
Project("{2150E333-8FDC-42A3-9474-1A3956D46DE8}") = "Common", "Common", "{E916577A-2B14-4E70-91CE-FBE7FC10770F}"
EndProject
Project("{2150E333-8FDC-42A3-9474-1A3956D46DE8}") = "Tests", "Tests", "{86B6EC86-2EB2-4F1D-8E06-6CDC12B2DA15}"
EndProject
Project("{FAE04EC0-301F-11D3-BF4B-00C04F79EFBC}") = "MoneyTransferWebApp", "Applications\MoneyTransferWebApp\MoneyTransferWebApp.csproj", "{019986FE-AF81-46E3-8F4D-7C7A9D4543CA}"
EndProject
Project("{FAE04EC0-301F-11D3-BF4B-00C04F79EFBC}") = "Domain", "Core\Domain\Domain.csproj", "{B99A8130-0B7C-4461-9105-5C754966D9AD}"
EndProject
Global
	GlobalSection(SolutionConfigurationPlatforms) = preSolution
		Debug|Any CPU = Debug|Any CPU
		Release|Any CPU = Release|Any CPU
	EndGlobalSection
	GlobalSection(ProjectConfigurationPlatforms) = postSolution
		{019986FE-AF81-46E3-8F4D-7C7A9D4543CA}.Debug|Any CPU.ActiveCfg = Debug|Any CPU
		{019986FE-AF81-46E3-8F4D-7C7A9D4543CA}.Debug|Any CPU.Build.0 = Debug|Any CPU
		{019986FE-AF81-46E3-8F4D-7C7A9D4543CA}.Release|Any CPU.ActiveCfg = Release|Any CPU
		{019986FE-AF81-46E3-8F4D-7C7A9D4543CA}.Release|Any CPU.Build.0 = Release|Any CPU
		{B99A8130-0B7C-4461-9105-5C754966D9AD}.Debug|Any CPU.ActiveCfg = Debug|Any CPU
		{B99A8130-0B7C-4461-9105-5C754966D9AD}.Debug|Any CPU.Build.0 = Debug|Any CPU
		{B99A8130-0B7C-4461-9105-5C754966D9AD}.Release|Any CPU.ActiveCfg = Release|Any CPU
		{B99A8130-0B7C-4461-9105-5C754966D9AD}.Release|Any CPU.Build.0 = Release|Any CPU
	EndGlobalSection
	GlobalSection(SolutionProperties) = preSolution
		HideSolutionNode = FALSE
	EndGlobalSection
	GlobalSection(NestedProjects) = preSolution
		{019986FE-AF81-46E3-8F4D-7C7A9D4543CA} = {29B4D3F6-C702-4152-B32F-13BA7CEA60A9}
		{B99A8130-0B7C-4461-9105-5C754966D9AD} = {F1D13BC4-7BB0-4F3E-8D2C-F4E570AD03DF}
	EndGlobalSection
	GlobalSection(ExtensibilityGlobals) = postSolution
		SolutionGuid = {04B619AC-3331-4EDB-895A-79DAA245E74B}
	EndGlobalSection
EndGlobal
