
Microsoft Visual Studio Solution File, Format Version 12.00
# Visual Studio Version 16
VisualStudioVersion = 16.0.31025.194
MinimumVisualStudioVersion = 10.0.40219.1
Project("{2150E333-8FDC-42A3-9474-1A3956D46DE8}") = "Applications", "Applications", "{29B4D3F6-C702-4152-B32F-13BA7CEA60A9}"
EndProject
Project("{2150E333-8FDC-42A3-9474-1A3956D46DE8}") = "Core", "Core", "{F1D13BC4-7BB0-4F3E-8D2C-F4E570AD03DF}"
EndProject
Project("{2150E333-8FDC-42A3-9474-1A3956D46DE8}") = "Common", "Common", "{E916577A-2B14-4E70-91CE-FBE7FC10770F}"
EndProject
Project("{2150E333-8FDC-42A3-9474-1A3956D46DE8}") = "Tests", "Tests", "{86B6EC86-2EB2-4F1D-8E06-6CDC12B2DA15}"
EndProject
Project("{FAE04EC0-301F-11D3-BF4B-00C04F79EFBC}") = "MoneyTransferWebApp", "Applications\MoneyTransferWebApp\MoneyTransferWebApp.csproj", "{019986FE-AF81-46E3-8F4D-7C7A9D4543CA}"
	ProjectSection(ProjectDependencies) = postProject
		{B99A8130-0B7C-4461-9105-5C754966D9AD} = {B99A8130-0B7C-4461-9105-5C754966D9AD}
		{E33E133C-A2A5-4916-B7B7-8A463EF7F754} = {E33E133C-A2A5-4916-B7B7-8A463EF7F754}
		{4D1FCF5C-D446-4F79-A7C4-20B403097275} = {4D1FCF5C-D446-4F79-A7C4-20B403097275}
		{FE742AF0-7C82-431C-8438-5BC57EF4C97B} = {FE742AF0-7C82-431C-8438-5BC57EF4C97B}
	EndProjectSection
EndProject
Project("{FAE04EC0-301F-11D3-BF4B-00C04F79EFBC}") = "Domain", "Core\Domain\Domain.csproj", "{B99A8130-0B7C-4461-9105-5C754966D9AD}"
EndProject
Project("{FAE04EC0-301F-11D3-BF4B-00C04F79EFBC}") = "Utils", "Common\Utils\Utils.csproj", "{FE742AF0-7C82-431C-8438-5BC57EF4C97B}"
EndProject
Project("{FAE04EC0-301F-11D3-BF4B-00C04F79EFBC}") = "Common.EFCoreDataAccess", "Common\EFCoreDataAccess\Common.EFCoreDataAccess.csproj", "{E33E133C-A2A5-4916-B7B7-8A463EF7F754}"
EndProject
Project("{2150E333-8FDC-42A3-9474-1A3956D46DE8}") = "Infrastructure", "Infrastructure", "{68822BE7-0813-4630-8B25-12B45FD52C56}"
EndProject
Project("{2150E333-8FDC-42A3-9474-1A3956D46DE8}") = "DataAccess", "DataAccess", "{5BC5CD6C-0592-4E9D-965D-68731B37C0B8}"
EndProject
Project("{FAE04EC0-301F-11D3-BF4B-00C04F79EFBC}") = "EFCoreDataAccess", "Core\Infrastructure\DataAccess\EFCoreDataAccess\EFCoreDataAccess.csproj", "{4D1FCF5C-D446-4F79-A7C4-20B403097275}"
	ProjectSection(ProjectDependencies) = postProject
		{E33E133C-A2A5-4916-B7B7-8A463EF7F754} = {E33E133C-A2A5-4916-B7B7-8A463EF7F754}
		{FE742AF0-7C82-431C-8438-5BC57EF4C97B} = {FE742AF0-7C82-431C-8438-5BC57EF4C97B}
	EndProjectSection
EndProject
Global
	GlobalSection(SolutionConfigurationPlatforms) = preSolution
		Debug|Any CPU = Debug|Any CPU
		Release|Any CPU = Release|Any CPU
	EndGlobalSection
	GlobalSection(ProjectConfigurationPlatforms) = postSolution
		{019986FE-AF81-46E3-8F4D-7C7A9D4543CA}.Debug|Any CPU.ActiveCfg = Debug|Any CPU
		{019986FE-AF81-46E3-8F4D-7C7A9D4543CA}.Debug|Any CPU.Build.0 = Debug|Any CPU
		{019986FE-AF81-46E3-8F4D-7C7A9D4543CA}.Release|Any CPU.ActiveCfg = Release|Any CPU
		{019986FE-AF81-46E3-8F4D-7C7A9D4543CA}.Release|Any CPU.Build.0 = Release|Any CPU
		{B99A8130-0B7C-4461-9105-5C754966D9AD}.Debug|Any CPU.ActiveCfg = Debug|Any CPU
		{B99A8130-0B7C-4461-9105-5C754966D9AD}.Debug|Any CPU.Build.0 = Debug|Any CPU
		{B99A8130-0B7C-4461-9105-5C754966D9AD}.Release|Any CPU.ActiveCfg = Release|Any CPU
		{B99A8130-0B7C-4461-9105-5C754966D9AD}.Release|Any CPU.Build.0 = Release|Any CPU
		{FE742AF0-7C82-431C-8438-5BC57EF4C97B}.Debug|Any CPU.ActiveCfg = Debug|Any CPU
		{FE742AF0-7C82-431C-8438-5BC57EF4C97B}.Debug|Any CPU.Build.0 = Debug|Any CPU
		{FE742AF0-7C82-431C-8438-5BC57EF4C97B}.Release|Any CPU.ActiveCfg = Release|Any CPU
		{FE742AF0-7C82-431C-8438-5BC57EF4C97B}.Release|Any CPU.Build.0 = Release|Any CPU
		{E33E133C-A2A5-4916-B7B7-8A463EF7F754}.Debug|Any CPU.ActiveCfg = Debug|Any CPU
		{E33E133C-A2A5-4916-B7B7-8A463EF7F754}.Debug|Any CPU.Build.0 = Debug|Any CPU
		{E33E133C-A2A5-4916-B7B7-8A463EF7F754}.Release|Any CPU.ActiveCfg = Release|Any CPU
		{E33E133C-A2A5-4916-B7B7-8A463EF7F754}.Release|Any CPU.Build.0 = Release|Any CPU
		{4D1FCF5C-D446-4F79-A7C4-20B403097275}.Debug|Any CPU.ActiveCfg = Debug|Any CPU
		{4D1FCF5C-D446-4F79-A7C4-20B403097275}.Debug|Any CPU.Build.0 = Debug|Any CPU
		{4D1FCF5C-D446-4F79-A7C4-20B403097275}.Release|Any CPU.ActiveCfg = Release|Any CPU
		{4D1FCF5C-D446-4F79-A7C4-20B403097275}.Release|Any CPU.Build.0 = Release|Any CPU
	EndGlobalSection
	GlobalSection(SolutionProperties) = preSolution
		HideSolutionNode = FALSE
	EndGlobalSection
	GlobalSection(NestedProjects) = preSolution
		{019986FE-AF81-46E3-8F4D-7C7A9D4543CA} = {29B4D3F6-C702-4152-B32F-13BA7CEA60A9}
		{B99A8130-0B7C-4461-9105-5C754966D9AD} = {F1D13BC4-7BB0-4F3E-8D2C-F4E570AD03DF}
		{FE742AF0-7C82-431C-8438-5BC57EF4C97B} = {E916577A-2B14-4E70-91CE-FBE7FC10770F}
		{E33E133C-A2A5-4916-B7B7-8A463EF7F754} = {E916577A-2B14-4E70-91CE-FBE7FC10770F}
		{68822BE7-0813-4630-8B25-12B45FD52C56} = {F1D13BC4-7BB0-4F3E-8D2C-F4E570AD03DF}
		{5BC5CD6C-0592-4E9D-965D-68731B37C0B8} = {68822BE7-0813-4630-8B25-12B45FD52C56}
		{4D1FCF5C-D446-4F79-A7C4-20B403097275} = {5BC5CD6C-0592-4E9D-965D-68731B37C0B8}
	EndGlobalSection
	GlobalSection(ExtensibilityGlobals) = postSolution
		SolutionGuid = {04B619AC-3331-4EDB-895A-79DAA245E74B}
	EndGlobalSection
EndGlobal
